
Microsoft Visual Studio Solution File, Format Version 12.00
# Visual Studio 14
VisualStudioVersion = 14.0.25420.1
MinimumVisualStudioVersion = 10.0.40219.1
Project("{FAE04EC0-301F-11D3-BF4B-00C04F79EFBC}") = "CDSC", "CDSC\CDSC.csproj", "{96DD3BCA-DB1F-49F4-BE6C-F3DB5172B441}"
EndProject
Project("{FAE04EC0-301F-11D3-BF4B-00C04F79EFBC}") = "CDSC.Class", "CDSC.Class\CDSC.Class.csproj", "{68652F8C-F7BB-4069-AC39-39A507E9CD9F}"
EndProject
Global
	GlobalSection(SolutionConfigurationPlatforms) = preSolution
		Debug|Any CPU = Debug|Any CPU
		Release|Any CPU = Release|Any CPU
	EndGlobalSection
	GlobalSection(ProjectConfigurationPlatforms) = postSolution
		{96DD3BCA-DB1F-49F4-BE6C-F3DB5172B441}.Debug|Any CPU.ActiveCfg = Debug|Any CPU
		{96DD3BCA-DB1F-49F4-BE6C-F3DB5172B441}.Debug|Any CPU.Build.0 = Debug|Any CPU
		{96DD3BCA-DB1F-49F4-BE6C-F3DB5172B441}.Release|Any CPU.ActiveCfg = Release|Any CPU
		{96DD3BCA-DB1F-49F4-BE6C-F3DB5172B441}.Release|Any CPU.Build.0 = Release|Any CPU
		{68652F8C-F7BB-4069-AC39-39A507E9CD9F}.Debug|Any CPU.ActiveCfg = Debug|Any CPU
		{68652F8C-F7BB-4069-AC39-39A507E9CD9F}.Debug|Any CPU.Build.0 = Debug|Any CPU
		{68652F8C-F7BB-4069-AC39-39A507E9CD9F}.Release|Any CPU.ActiveCfg = Release|Any CPU
		{68652F8C-F7BB-4069-AC39-39A507E9CD9F}.Release|Any CPU.Build.0 = Release|Any CPU
	EndGlobalSection
	GlobalSection(SolutionProperties) = preSolution
		HideSolutionNode = FALSE
	EndGlobalSection
EndGlobal
